
Microsoft Visual Studio Solution File, Format Version 12.00
# Visual Studio Version 17
VisualStudioVersion = 17.11.35312.102
MinimumVisualStudioVersion = 10.0.40219.1
Project("{FAE04EC0-301F-11D3-BF4B-00C04F79EFBC}") = "DesktopApp-Admin", "DesktopApp-Admin\DesktopApp-Admin.csproj", "{F9689E18-C8F3-4D81-81CD-484788DB22EC}"
EndProject
Global
	GlobalSection(SolutionConfigurationPlatforms) = preSolution
		Debug|Any CPU = Debug|Any CPU
		Release|Any CPU = Release|Any CPU
	EndGlobalSection
	GlobalSection(ProjectConfigurationPlatforms) = postSolution
		{F9689E18-C8F3-4D81-81CD-484788DB22EC}.Debug|Any CPU.ActiveCfg = Debug|Any CPU
		{F9689E18-C8F3-4D81-81CD-484788DB22EC}.Debug|Any CPU.Build.0 = Debug|Any CPU
		{F9689E18-C8F3-4D81-81CD-484788DB22EC}.Release|Any CPU.ActiveCfg = Release|Any CPU
		{F9689E18-C8F3-4D81-81CD-484788DB22EC}.Release|Any CPU.Build.0 = Release|Any CPU
	EndGlobalSection
	GlobalSection(SolutionProperties) = preSolution
		HideSolutionNode = FALSE
	EndGlobalSection
	GlobalSection(ExtensibilityGlobals) = postSolution
		SolutionGuid = {6CFD1103-9200-48F7-AE96-CAA8827D9CA3}
	EndGlobalSection
EndGlobal
